
Microsoft Visual Studio Solution File, Format Version 9.00
# Visual Studio 2005
Project("{8BC9CEB8-8B4A-11D0-8D11-00A0C91BC942}") = "kbSizer", "kbSizer.vcproj", "{F80D4849-AA03-40A2-B3D7-9577E24C1AA9}"
EndProject
Project("{8BC9CEB8-8B4A-11D0-8D11-00A0C91BC942}") = "res", "res.vcproj", "{D6D2189E-82BF-4921-BABC-32FF222316D8}"
EndProject
Global
	GlobalSection(SolutionConfigurationPlatforms) = preSolution
		Debug|Win32 = Debug|Win32
		Release|Win32 = Release|Win32
	EndGlobalSection
	GlobalSection(ProjectConfigurationPlatforms) = postSolution
		{F80D4849-AA03-40A2-B3D7-9577E24C1AA9}.Debug|Win32.ActiveCfg = Debug|Win32
		{F80D4849-AA03-40A2-B3D7-9577E24C1AA9}.Debug|Win32.Build.0 = Debug|Win32
		{F80D4849-AA03-40A2-B3D7-9577E24C1AA9}.Release|Win32.ActiveCfg = Release|Win32
		{F80D4849-AA03-40A2-B3D7-9577E24C1AA9}.Release|Win32.Build.0 = Release|Win32
		{D6D2189E-82BF-4921-BABC-32FF222316D8}.Debug|Win32.ActiveCfg = Debug|Win32
		{D6D2189E-82BF-4921-BABC-32FF222316D8}.Release|Win32.ActiveCfg = Release|Win32
		{D6D2189E-82BF-4921-BABC-32FF222316D8}.Release|Win32.Build.0 = Release|Win32
	EndGlobalSection
	GlobalSection(SolutionProperties) = preSolution
		HideSolutionNode = FALSE
	EndGlobalSection
EndGlobal
